
Microsoft Visual Studio Solution File, Format Version 12.00
# Visual Studio 15
VisualStudioVersion = 15.0.27130.2036
MinimumVisualStudioVersion = 10.0.40219.1
Project("{FAE04EC0-301F-11D3-BF4B-00C04F79EFBC}") = "MVCMusicStoreCodeFirst", "MVCMusicStoreCodeFirst\MVCMusicStoreCodeFirst.csproj", "{F983E17F-7493-47A6-AA1B-EF034DBD8775}"
EndProject
Global
	GlobalSection(SolutionConfigurationPlatforms) = preSolution
		Debug|Any CPU = Debug|Any CPU
		Release|Any CPU = Release|Any CPU
	EndGlobalSection
	GlobalSection(ProjectConfigurationPlatforms) = postSolution
		{F983E17F-7493-47A6-AA1B-EF034DBD8775}.Debug|Any CPU.ActiveCfg = Debug|Any CPU
		{F983E17F-7493-47A6-AA1B-EF034DBD8775}.Debug|Any CPU.Build.0 = Debug|Any CPU
		{F983E17F-7493-47A6-AA1B-EF034DBD8775}.Release|Any CPU.ActiveCfg = Release|Any CPU
		{F983E17F-7493-47A6-AA1B-EF034DBD8775}.Release|Any CPU.Build.0 = Release|Any CPU
	EndGlobalSection
	GlobalSection(SolutionProperties) = preSolution
		HideSolutionNode = FALSE
	EndGlobalSection
	GlobalSection(ExtensibilityGlobals) = postSolution
		SolutionGuid = {B2D839C6-AE77-4437-BB67-5052AD05AD3A}
	EndGlobalSection
EndGlobal
